
Microsoft Visual Studio Solution File, Format Version 12.00
# Visual Studio Version 17
VisualStudioVersion = 17.1.32328.378
MinimumVisualStudioVersion = 10.0.40219.1
Project("{FAE04EC0-301F-11D3-BF4B-00C04F79EFBC}") = "Client", "Client\Client.csproj", "{351FFD64-61AF-4472-961F-4A0554EDE857}"
EndProject
Global
	GlobalSection(SolutionConfigurationPlatforms) = preSolution
		Debug|Any CPU = Debug|Any CPU
		Release|Any CPU = Release|Any CPU
	EndGlobalSection
	GlobalSection(ProjectConfigurationPlatforms) = postSolution
		{351FFD64-61AF-4472-961F-4A0554EDE857}.Debug|Any CPU.ActiveCfg = Debug|Any CPU
		{351FFD64-61AF-4472-961F-4A0554EDE857}.Debug|Any CPU.Build.0 = Debug|Any CPU
		{351FFD64-61AF-4472-961F-4A0554EDE857}.Release|Any CPU.ActiveCfg = Release|Any CPU
		{351FFD64-61AF-4472-961F-4A0554EDE857}.Release|Any CPU.Build.0 = Release|Any CPU
	EndGlobalSection
	GlobalSection(SolutionProperties) = preSolution
		HideSolutionNode = FALSE
	EndGlobalSection
	GlobalSection(ExtensibilityGlobals) = postSolution
		SolutionGuid = {290EC5A9-EF97-49C7-A6EF-4ED202009AE8}
	EndGlobalSection
EndGlobal
